// !$*UTF8*$!
{
	archiveVersion = 1;
	classes = {
	};
	objectVersion = 51;
	objects = {

/* Begin PBXBuildFile section */
		049F807525DF607300B47625 /* AppDelegate.swift in Sources */ = {isa = PBXBuildFile; fileRef = 049F807425DF607300B47625 /* AppDelegate.swift */; };
		049F807725DF607300B47625 /* SceneDelegate.swift in Sources */ = {isa = PBXBuildFile; fileRef = 049F807625DF607300B47625 /* SceneDelegate.swift */; };
		049F807925DF607300B47625 /* ContentView.swift in Sources */ = {isa = PBXBuildFile; fileRef = 049F807825DF607300B47625 /* ContentView.swift */; };
		049F807B25DF608600B47625 /* Assets.xcassets in Resources */ = {isa = PBXBuildFile; fileRef = 049F807A25DF608600B47625 /* Assets.xcassets */; };
		049F807E25DF608600B47625 /* Preview Assets.xcassets in Resources */ = {isa = PBXBuildFile; fileRef = 049F807D25DF608600B47625 /* Preview Assets.xcassets */; };
		049F808125DF608600B47625 /* LaunchScreen.storyboard in Resources */ = {isa = PBXBuildFile; fileRef = 049F807F25DF608600B47625 /* LaunchScreen.storyboard */; };
		049F808925E06CFA00B47625 /* GoogleService-Info.plist in Resources */ = {isa = PBXBuildFile; fileRef = 049F808825E06CFA00B47625 /* GoogleService-Info.plist */; };
		1A17110C3DB18DF43166400C /* Pods_LoginApp.framework in Frameworks */ = {isa = PBXBuildFile; fileRef = 2E6CC905AB7BD95E27B95FF0 /* Pods_LoginApp.framework */; };
/* End PBXBuildFile section */

/* Begin PBXFileReference section */
		049F807125DF607300B47625 /* LoginApp.app */ = {isa = PBXFileReference; explicitFileType = wrapper.application; includeInIndex = 0; path = LoginApp.app; sourceTree = BUILT_PRODUCTS_DIR; };
		049F807425DF607300B47625 /* AppDelegate.swift */ = {isa = PBXFileReference; lastKnownFileType = sourcecode.swift; path = AppDelegate.swift; sourceTree = "<group>"; };
		049F807625DF607300B47625 /* SceneDelegate.swift */ = {isa = PBXFileReference; lastKnownFileType = sourcecode.swift; path = SceneDelegate.swift; sourceTree = "<group>"; };
		049F807825DF607300B47625 /* ContentView.swift */ = {isa = PBXFileReference; lastKnownFileType = sourcecode.swift; path = ContentView.swift; sourceTree = "<group>"; };
		049F807A25DF608600B47625 /* Assets.xcassets */ = {isa = PBXFileReference; lastKnownFileType = folder.assetcatalog; path = Assets.xcassets; sourceTree = "<group>"; };
		049F807D25DF608600B47625 /* Preview Assets.xcassets */ = {isa = PBXFileReference; lastKnownFileType = folder.assetcatalog; path = "Preview Assets.xcassets"; sourceTree = "<group>"; };
		049F808025DF608600B47625 /* Base */ = {isa = PBXFileReference; lastKnownFileType = file.storyboard; name = Base; path = Base.lproj/LaunchScreen.storyboard; sourceTree = "<group>"; };
		049F808225DF608600B47625 /* Info.plist */ = {isa = PBXFileReference; lastKnownFileType = text.plist.xml; path = Info.plist; sourceTree = "<group>"; };
		049F808825E06CFA00B47625 /* GoogleService-Info.plist */ = {isa = PBXFileReference; fileEncoding = 4; lastKnownFileType = text.plist.xml; path = "GoogleService-Info.plist"; sourceTree = "<group>"; };
		2E6CC905AB7BD95E27B95FF0 /* Pods_LoginApp.framework */ = {isa = PBXFileReference; explicitFileType = wrapper.framework; includeInIndex = 0; path = Pods_LoginApp.framework; sourceTree = BUILT_PRODUCTS_DIR; };
		30A0EBD79335BF58BE4AFF1D /* Pods-LoginApp.debug.xcconfig */ = {isa = PBXFileReference; includeInIndex = 1; lastKnownFileType = text.xcconfig; name = "Pods-LoginApp.debug.xcconfig"; path = "Target Support Files/Pods-LoginApp/Pods-LoginApp.debug.xcconfig"; sourceTree = "<group>"; };
		4FD870BF6315E73C7D3D82A8 /* Pods-LoginApp.release.xcconfig */ = {isa = PBXFileReference; includeInIndex = 1; lastKnownFileType = text.xcconfig; name = "Pods-LoginApp.release.xcconfig"; path = "Target Support Files/Pods-LoginApp/Pods-LoginApp.release.xcconfig"; sourceTree = "<group>"; };
/* End PBXFileReference section */

/* Begin PBXFrameworksBuildPhase section */
		049F806E25DF607300B47625 /* Frameworks */ = {
			isa = PBXFrameworksBuildPhase;
			buildActionMask = 2147483647;
			files = (
				1A17110C3DB18DF43166400C /* Pods_LoginApp.framework in Frameworks */,
			);
			runOnlyForDeploymentPostprocessing = 0;
		};
/* End PBXFrameworksBuildPhase section */

/* Begin PBXGroup section */
		049F806825DF607200B47625 = {
			isa = PBXGroup;
			children = (
				049F807325DF607300B47625 /* LoginApp */,
				049F807225DF607300B47625 /* Products */,
				29167733120DB230828C82DC /* Pods */,
				C647532D89EBACDF195A5459 /* Frameworks */,
			);
			sourceTree = "<group>";
		};
		049F807225DF607300B47625 /* Products */ = {
			isa = PBXGroup;
			children = (
				049F807125DF607300B47625 /* LoginApp.app */,
			);
			name = Products;
			sourceTree = "<group>";
		};
		049F807325DF607300B47625 /* LoginApp */ = {
			isa = PBXGroup;
			children = (
				049F808825E06CFA00B47625 /* GoogleService-Info.plist */,
				049F807425DF607300B47625 /* AppDelegate.swift */,
				049F807625DF607300B47625 /* SceneDelegate.swift */,
				049F807825DF607300B47625 /* ContentView.swift */,
				049F807A25DF608600B47625 /* Assets.xcassets */,
				049F807F25DF608600B47625 /* LaunchScreen.storyboard */,
				049F808225DF608600B47625 /* Info.plist */,
				049F807C25DF608600B47625 /* Preview Content */,
			);
			path = LoginApp;
			sourceTree = "<group>";
		};
		049F807C25DF608600B47625 /* Preview Content */ = {
			isa = PBXGroup;
			children = (
				049F807D25DF608600B47625 /* Preview Assets.xcassets */,
			);
			path = "Preview Content";
			sourceTree = "<group>";
		};
		29167733120DB230828C82DC /* Pods */ = {
			isa = PBXGroup;
			children = (
				30A0EBD79335BF58BE4AFF1D /* Pods-LoginApp.debug.xcconfig */,
				4FD870BF6315E73C7D3D82A8 /* Pods-LoginApp.release.xcconfig */,
			);
			path = Pods;
			sourceTree = "<group>";
		};
		C647532D89EBACDF195A5459 /* Frameworks */ = {
			isa = PBXGroup;
			children = (
				2E6CC905AB7BD95E27B95FF0 /* Pods_LoginApp.framework */,
			);
			name = Frameworks;
			sourceTree = "<group>";
		};
/* End PBXGroup section */

/* Begin PBXNativeTarget section */
		049F807025DF607300B47625 /* LoginApp */ = {
			isa = PBXNativeTarget;
			buildConfigurationList = 049F808525DF608600B47625 /* Build configuration list for PBXNativeTarget "LoginApp" */;
			buildPhases = (
				CEE8A11CE09DFE06C9818B38 /* [CP] Check Pods Manifest.lock */,
				049F806D25DF607300B47625 /* Sources */,
				049F806E25DF607300B47625 /* Frameworks */,
				049F806F25DF607300B47625 /* Resources */,
				6BAAF506EDA12E5F1C664CBC /* [CP] Embed Pods Frameworks */,
			);
			buildRules = (
			);
			dependencies = (
			);
			name = LoginApp;
			productName = LoginApp;
			productReference = 049F807125DF607300B47625 /* LoginApp.app */;
			productType = "com.apple.product-type.application";
		};
/* End PBXNativeTarget section */

/* Begin PBXProject section */
		049F806925DF607200B47625 /* Project object */ = {
			isa = PBXProject;
			attributes = {
				LastSwiftUpdateCheck = 1170;
				LastUpgradeCheck = 1170;
				ORGANIZATIONNAME = "Upeksha Dharmadasa";
				TargetAttributes = {
					049F807025DF607300B47625 = {
						CreatedOnToolsVersion = 11.7;
					};
				};
			};
			buildConfigurationList = 049F806C25DF607200B47625 /* Build configuration list for PBXProject "LoginApp" */;
			compatibilityVersion = "Xcode 9.3";
			developmentRegion = en;
			hasScannedForEncodings = 0;
			knownRegions = (
				en,
				Base,
			);
			mainGroup = 049F806825DF607200B47625;
			productRefGroup = 049F807225DF607300B47625 /* Products */;
			projectDirPath = "";
			projectRoot = "";
			targets = (
				049F807025DF607300B47625 /* LoginApp */,
			);
		};
/* End PBXProject section */

/* Begin PBXResourcesBuildPhase section */
		049F806F25DF607300B47625 /* Resources */ = {
			isa = PBXResourcesBuildPhase;
			buildActionMask = 2147483647;
			files = (
				049F808125DF608600B47625 /* LaunchScreen.storyboard in Resources */,
				049F808925E06CFA00B47625 /* GoogleService-Info.plist in Resources */,
				049F807E25DF608600B47625 /* Preview Assets.xcassets in Resources */,
				049F807B25DF608600B47625 /* Assets.xcassets in Resources */,
			);
			runOnlyForDeploymentPostprocessing = 0;
		};
/* End PBXResourcesBuildPhase section */

/* Begin PBXShellScriptBuildPhase section */
		6BAAF506EDA12E5F1C664CBC /* [CP] Embed Pods Frameworks */ = {
			isa = PBXShellScriptBuildPhase;
			buildActionMask = 2147483647;
			files = (
			);
			inputFileListPaths = (
				"${PODS_ROOT}/Target Support Files/Pods-LoginApp/Pods-LoginApp-frameworks-${CONFIGURATION}-input-files.xcfilelist",
			);
			name = "[CP] Embed Pods Frameworks";
			outputFileListPaths = (
				"${PODS_ROOT}/Target Support Files/Pods-LoginApp/Pods-LoginApp-frameworks-${CONFIGURATION}-output-files.xcfilelist",
			);
			runOnlyForDeploymentPostprocessing = 0;
			shellPath = /bin/sh;
			shellScript = "\"${PODS_ROOT}/Target Support Files/Pods-LoginApp/Pods-LoginApp-frameworks.sh\"\n";
			showEnvVarsInLog = 0;
		};
		CEE8A11CE09DFE06C9818B38 /* [CP] Check Pods Manifest.lock */ = {
			isa = PBXShellScriptBuildPhase;
			buildActionMask = 2147483647;
			files = (
			);
			inputFileListPaths = (
			);
			inputPaths = (
				"${PODS_PODFILE_DIR_PATH}/Podfile.lock",
				"${PODS_ROOT}/Manifest.lock",
			);
			name = "[CP] Check Pods Manifest.lock";
			outputFileListPaths = (
			);
			outputPaths = (
				"$(DERIVED_FILE_DIR)/Pods-LoginApp-checkManifestLockResult.txt",
			);
			runOnlyForDeploymentPostprocessing = 0;
			shellPath = /bin/sh;
			shellScript = "diff \"${PODS_PODFILE_DIR_PATH}/Podfile.lock\" \"${PODS_ROOT}/Manifest.lock\" > /dev/null\nif [ $? != 0 ] ; then\n    # print error to STDERR\n    echo \"error: The sandbox is not in sync with the Podfile.lock. Run 'pod install' or update your CocoaPods installation.\" >&2\n    exit 1\nfi\n# This output is used by Xcode 'outputs' to avoid re-running this script phase.\necho \"SUCCESS\" > \"${SCRIPT_OUTPUT_FILE_0}\"\n";
			showEnvVarsInLog = 0;
		};
/* End PBXShellScriptBuildPhase section */

/* Begin PBXSourcesBuildPhase section */
		049F806D25DF607300B47625 /* Sources */ = {
			isa = PBXSourcesBuildPhase;
			buildActionMask = 2147483647;
			files = (
				049F807525DF607300B47625 /* AppDelegate.swift in Sources */,
				049F807725DF607300B47625 /* SceneDelegate.swift in Sources */,
				049F807925DF607300B47625 /* ContentView.swift in Sources */,
			);
			runOnlyForDeploymentPostprocessing = 0;
		};
/* End PBXSourcesBuildPhase section */

/* Begin PBXVariantGroup section */
		049F807F25DF608600B47625 /* LaunchScreen.storyboard */ = {
			isa = PBXVariantGroup;
			children = (
				049F808025DF608600B47625 /* Base */,
			);
			name = LaunchScreen.storyboard;
			sourceTree = "<group>";
		};
/* End PBXVariantGroup section */

/* Begin XCBuildConfiguration section */
		049F808325DF608600B47625 /* Debug */ = {
			isa = XCBuildConfiguration;
			buildSettings = {
				ALWAYS_SEARCH_USER_PATHS = NO;
				CLANG_ANALYZER_NONNULL = YES;
				CLANG_ANALYZER_NUMBER_OBJECT_CONVERSION = YES_AGGRESSIVE;
				CLANG_CXX_LANGUAGE_STANDARD = "gnu++14";
				CLANG_CXX_LIBRARY = "libc++";
				CLANG_ENABLE_MODULES = YES;
				CLANG_ENABLE_OBJC_ARC = YES;
				CLANG_ENABLE_OBJC_WEAK = YES;
				CLANG_WARN_BLOCK_CAPTURE_AUTORELEASING = YES;
				CLANG_WARN_BOOL_CONVERSION = YES;
				CLANG_WARN_COMMA = YES;
				CLANG_WARN_CONSTANT_CONVERSION = YES;
				CLANG_WARN_DEPRECATED_OBJC_IMPLEMENTATIONS = YES;
				CLANG_WARN_DIRECT_OBJC_ISA_USAGE = YES_ERROR;
				CLANG_WARN_DOCUMENTATION_COMMENTS = YES;
				CLANG_WARN_EMPTY_BODY = YES;
				CLANG_WARN_ENUM_CONVERSION = YES;
				CLANG_WARN_INFINITE_RECURSION = YES;
				CLANG_WARN_INT_CONVERSION = YES;
				CLANG_WARN_NON_LITERAL_NULL_CONVERSION = YES;
				CLANG_WARN_OBJC_IMPLICIT_RETAIN_SELF = YES;
				CLANG_WARN_OBJC_LITERAL_CONVERSION = YES;
				CLANG_WARN_OBJC_ROOT_CLASS = YES_ERROR;
				CLANG_WARN_RANGE_LOOP_ANALYSIS = YES;
				CLANG_WARN_STRICT_PROTOTYPES = YES;
				CLANG_WARN_SUSPICIOUS_MOVE = YES;
				CLANG_WARN_UNGUARDED_AVAILABILITY = YES_AGGRESSIVE;
				CLANG_WARN_UNREACHABLE_CODE = YES;
				CLANG_WARN__DUPLICATE_METHOD_MATCH = YES;
				COPY_PHASE_STRIP = NO;
				DEBUG_INFORMATION_FORMAT = dwarf;
				ENABLE_STRICT_OBJC_MSGSEND = YES;
				ENABLE_TESTABILITY = YES;
				GCC_C_LANGUAGE_STANDARD = gnu11;
				GCC_DYNAMIC_NO_PIC = NO;
				GCC_NO_COMMON_BLOCKS = YES;
				GCC_OPTIMIZATION_LEVEL = 0;
				GCC_PREPROCESSOR_DEFINITIONS = (
					"DEBUG=1",
					"$(inherited)",
				);
				GCC_WARN_64_TO_32_BIT_CONVERSION = YES;
				GCC_WARN_ABOUT_RETURN_TYPE = YES_ERROR;
				GCC_WARN_UNDECLARED_SELECTOR = YES;
				GCC_WARN_UNINITIALIZED_AUTOS = YES_AGGRESSIVE;
				GCC_WARN_UNUSED_FUNCTION = YES;
				GCC_WARN_UNUSED_VARIABLE = YES;
				IPHONEOS_DEPLOYMENT_TARGET = 13.7;
				MTL_ENABLE_DEBUG_INFO = INCLUDE_SOURCE;
				MTL_FAST_MATH = YES;
				ONLY_ACTIVE_ARCH = YES;
				SDKROOT = iphoneos;
				SWIFT_ACTIVE_COMPILATION_CONDITIONS = DEBUG;
				SWIFT_OPTIMIZATION_LEVEL = "-Onone";
			};
			name = Debug;
		};
		049F808425DF608600B47625 /* Release */ = {
			isa = XCBuildConfiguration;
			buildSettings = {
				ALWAYS_SEARCH_USER_PATHS = NO;
				CLANG_ANALYZER_NONNULL = YES;
				CLANG_ANALYZER_NUMBER_OBJECT_CONVERSION = YES_AGGRESSIVE;
				CLANG_CXX_LANGUAGE_STANDARD = "gnu++14";
				CLANG_CXX_LIBRARY = "libc++";
				CLANG_ENABLE_MODULES = YES;
				CLANG_ENABLE_OBJC_ARC = YES;
				CLANG_ENABLE_OBJC_WEAK = YES;
				CLANG_WARN_BLOCK_CAPTURE_AUTORELEASING = YES;
				CLANG_WARN_BOOL_CONVERSION = YES;
				CLANG_WARN_COMMA = YES;
				CLANG_WARN_CONSTANT_CONVERSION = YES;
				CLANG_WARN_DEPRECATED_OBJC_IMPLEMENTATIONS = YES;
				CLANG_WARN_DIRECT_OBJC_ISA_USAGE = YES_ERROR;
				CLANG_WARN_DOCUMENTATION_COMMENTS = YES;
				CLANG_WARN_EMPTY_BODY = YES;
				CLANG_WARN_ENUM_CONVERSION = YES;
				CLANG_WARN_INFINITE_RECURSION = YES;
				CLANG_WARN_INT_CONVERSION = YES;
				CLANG_WARN_NON_LITERAL_NULL_CONVERSION = YES;
				CLANG_WARN_OBJC_IMPLICIT_RETAIN_SELF = YES;
				CLANG_WARN_OBJC_LITERAL_CONVERSION = YES;
				CLANG_WARN_OBJC_ROOT_CLASS = YES_ERROR;
				CLANG_WARN_RANGE_LOOP_ANALYSIS = YES;
				CLANG_WARN_STRICT_PROTOTYPES = YES;
				CLANG_WARN_SUSPICIOUS_MOVE = YES;
				CLANG_WARN_UNGUARDED_AVAILABILITY = YES_AGGRESSIVE;
				CLANG_WARN_UNREACHABLE_CODE = YES;
				CLANG_WARN__DUPLICATE_METHOD_MATCH = YES;
				COPY_PHASE_STRIP = NO;
				DEBUG_INFORMATION_FORMAT = "dwarf-with-dsym";
				ENABLE_NS_ASSERTIONS = NO;
				ENABLE_STRICT_OBJC_MSGSEND = YES;
				GCC_C_LANGUAGE_STANDARD = gnu11;
				GCC_NO_COMMON_BLOCKS = YES;
				GCC_WARN_64_TO_32_BIT_CONVERSION = YES;
				GCC_WARN_ABOUT_RETURN_TYPE = YES_ERROR;
				GCC_WARN_UNDECLARED_SELECTOR = YES;
				GCC_WARN_UNINITIALIZED_AUTOS = YES_AGGRESSIVE;
				GCC_WARN_UNUSED_FUNCTION = YES;
				GCC_WARN_UNUSED_VARIABLE = YES;
				IPHONEOS_DEPLOYMENT_TARGET = 13.7;
				MTL_ENABLE_DEBUG_INFO = NO;
				MTL_FAST_MATH = YES;
				SDKROOT = iphoneos;
				SWIFT_COMPILATION_MODE = wholemodule;
				SWIFT_OPTIMIZATION_LEVEL = "-O";
				VALIDATE_PRODUCT = YES;
			};
			name = Release;
		};
		049F808625DF608600B47625 /* Debug */ = {
			isa = XCBuildConfiguration;
			baseConfigurationReference = 30A0EBD79335BF58BE4AFF1D /* Pods-LoginApp.debug.xcconfig */;
			buildSettings = {
				ASSETCATALOG_COMPILER_APPICON_NAME = AppIcon;
				CODE_SIGN_STYLE = Automatic;
				DEVELOPMENT_ASSET_PATHS = "\"LoginApp/Preview Content\"";
				DEVELOPMENT_TEAM = 4M5RZ9JNSU;
				ENABLE_PREVIEWS = YES;
				INFOPLIST_FILE = LoginApp/Info.plist;
				LD_RUNPATH_SEARCH_PATHS = (
					"$(inherited)",
					"@executable_path/Frameworks",
				);
				PRODUCT_BUNDLE_IDENTIFIER = com.upekshaD.LoginApp;
				PRODUCT_NAME = "$(TARGET_NAME)";
				SWIFT_VERSION = 5.0;
				TARGETED_DEVICE_FAMILY = "1,2";
			};
			name = Debug;
		};
		049F808725DF608600B47625 /* Release */ = {
			isa = XCBuildConfiguration;
			baseConfigurationReference = 4FD870BF6315E73C7D3D82A8 /* Pods-LoginApp.release.xcconfig */;
			buildSettings = {
				ASSETCATALOG_COMPILER_APPICON_NAME = AppIcon;
				CODE_SIGN_STYLE = Automatic;
				DEVELOPMENT_ASSET_PATHS = "\"LoginApp/Preview Content\"";
				DEVELOPMENT_TEAM = 4M5RZ9JNSU;
				ENABLE_PREVIEWS = YES;
				INFOPLIST_FILE = LoginApp/Info.plist;
				LD_RUNPATH_SEARCH_PATHS = (
					"$(inherited)",
					"@executable_path/Frameworks",
				);
				PRODUCT_BUNDLE_IDENTIFIER = com.upekshaD.LoginApp;
				PRODUCT_NAME = "$(TARGET_NAME)";
				SWIFT_VERSION = 5.0;
				TARGETED_DEVICE_FAMILY = "1,2";
			};
			name = Release;
		};
/* End XCBuildConfiguration section */

/* Begin XCConfigurationList section */
		049F806C25DF607200B47625 /* Build configuration list for PBXProject "LoginApp" */ = {
			isa = XCConfigurationList;
			buildConfigurations = (
				049F808325DF608600B47625 /* Debug */,
				049F808425DF608600B47625 /* Release */,
			);
			defaultConfigurationIsVisible = 0;
			defaultConfigurationName = Release;
		};
		049F808525DF608600B47625 /* Build configuration list for PBXNativeTarget "LoginApp" */ = {
			isa = XCConfigurationList;
			buildConfigurations = (
				049F808625DF608600B47625 /* Debug */,
				049F808725DF608600B47625 /* Release */,
			);
			defaultConfigurationIsVisible = 0;
			defaultConfigurationName = Release;
		};
/* End XCConfigurationList section */
	};
	rootObject = 049F806925DF607200B47625 /* Project object */;
}
